
Microsoft Visual Studio Solution File, Format Version 12.00
Project("{FAE04EC0-301F-11D3-BF4B-00C04F79EFBC}") = "Gneedle.Inject", "Gneedle.Inject\Gneedle.Inject.csproj", "{F84BE3EB-1982-4085-8A30-C54E898B9EF3}"
EndProject
Project("{FAE04EC0-301F-11D3-BF4B-00C04F79EFBC}") = "Gneedle.Test", "Gneedle.Test\Gneedle.Test.csproj", "{CE561C83-0DF0-4609-840D-20FADF13556F}"
EndProject
Global
	GlobalSection(SolutionConfigurationPlatforms) = preSolution
		Debug|Any CPU = Debug|Any CPU
		Release|Any CPU = Release|Any CPU
	EndGlobalSection
	GlobalSection(ProjectConfigurationPlatforms) = postSolution
		{F84BE3EB-1982-4085-8A30-C54E898B9EF3}.Debug|Any CPU.ActiveCfg = Debug|Any CPU
		{F84BE3EB-1982-4085-8A30-C54E898B9EF3}.Debug|Any CPU.Build.0 = Debug|Any CPU
		{F84BE3EB-1982-4085-8A30-C54E898B9EF3}.Release|Any CPU.ActiveCfg = Release|Any CPU
		{F84BE3EB-1982-4085-8A30-C54E898B9EF3}.Release|Any CPU.Build.0 = Release|Any CPU
		{CE561C83-0DF0-4609-840D-20FADF13556F}.Debug|Any CPU.ActiveCfg = Debug|Any CPU
		{CE561C83-0DF0-4609-840D-20FADF13556F}.Debug|Any CPU.Build.0 = Debug|Any CPU
		{CE561C83-0DF0-4609-840D-20FADF13556F}.Release|Any CPU.ActiveCfg = Release|Any CPU
		{CE561C83-0DF0-4609-840D-20FADF13556F}.Release|Any CPU.Build.0 = Release|Any CPU
	EndGlobalSection
EndGlobal
